
Microsoft Visual Studio Solution File, Format Version 12.00
# Visual Studio Version 16
VisualStudioVersion = 16.0.31129.286
MinimumVisualStudioVersion = 10.0.40219.1
Project("{FAE04EC0-301F-11D3-BF4B-00C04F79EFBC}") = "SimpleAlarm2", "SimpleAlarm2\SimpleAlarm2.csproj", "{B7726409-1B5F-448F-9F98-EAF22326FD25}"
EndProject
Global
	GlobalSection(SolutionConfigurationPlatforms) = preSolution
		Debug|Any CPU = Debug|Any CPU
		Release|Any CPU = Release|Any CPU
	EndGlobalSection
	GlobalSection(ProjectConfigurationPlatforms) = postSolution
		{B7726409-1B5F-448F-9F98-EAF22326FD25}.Debug|Any CPU.ActiveCfg = Debug|Any CPU
		{B7726409-1B5F-448F-9F98-EAF22326FD25}.Debug|Any CPU.Build.0 = Debug|Any CPU
		{B7726409-1B5F-448F-9F98-EAF22326FD25}.Release|Any CPU.ActiveCfg = Release|Any CPU
		{B7726409-1B5F-448F-9F98-EAF22326FD25}.Release|Any CPU.Build.0 = Release|Any CPU
	EndGlobalSection
	GlobalSection(SolutionProperties) = preSolution
		HideSolutionNode = FALSE
	EndGlobalSection
	GlobalSection(ExtensibilityGlobals) = postSolution
		SolutionGuid = {00A66DFB-88B1-4C73-B272-98EA267EEBCC}
	EndGlobalSection
EndGlobal
